%{
  "opentelemetry": {:hex, :opentelemetry, "1.0.5", "f0cd36ac8b30b68e8d70cec5bb88801ed7f3fe79aac67597054ed5490542e810", [:rebar3], [{:opentelemetry_api, "~> 1.0", [hex: :opentelemetry_api, repo: "hexpm", optional: false]}], "hexpm", "3b17f8933a58e1246f42a0c215840fd8218aebbcabdb0aac62b0c766fe85542e"},
  "opentelemetry_api": {:hex, :opentelemetry_api, "1.0.3", "77f9644c42340cd8b18c728cde4822ed55ae136f0d07761b78e8c54da46af93a", [:mix, :rebar3], [], "hexpm", "4293e06bd369bc004e6fad5edbb56456d891f14bd3f9f1772b18f1923e0678ea"},
}
